
Microsoft Visual Studio Solution File, Format Version 12.00
# Visual Studio Version 17
VisualStudioVersion = 17.5.33516.290
MinimumVisualStudioVersion = 10.0.40219.1
Project("{FAE04EC0-301F-11D3-BF4B-00C04F79EFBC}") = "CSharpInterface", "CSharpInterface.csproj", "{42498A1E-AF23-4FC4-9B30-A04126EC2701}"
EndProject
Global
	GlobalSection(SolutionConfigurationPlatforms) = preSolution
		Debug|Any CPU = Debug|Any CPU
		Release|Any CPU = Release|Any CPU
	EndGlobalSection
	GlobalSection(ProjectConfigurationPlatforms) = postSolution
		{42498A1E-AF23-4FC4-9B30-A04126EC2701}.Debug|Any CPU.ActiveCfg = Debug|Any CPU
		{42498A1E-AF23-4FC4-9B30-A04126EC2701}.Debug|Any CPU.Build.0 = Debug|Any CPU
		{42498A1E-AF23-4FC4-9B30-A04126EC2701}.Release|Any CPU.ActiveCfg = Release|Any CPU
		{42498A1E-AF23-4FC4-9B30-A04126EC2701}.Release|Any CPU.Build.0 = Release|Any CPU
	EndGlobalSection
	GlobalSection(SolutionProperties) = preSolution
		HideSolutionNode = FALSE
	EndGlobalSection
	GlobalSection(ExtensibilityGlobals) = postSolution
		SolutionGuid = {D23C9254-F6B0-4894-8379-DE1E0977DE5C}
	EndGlobalSection
EndGlobal
