
Microsoft Visual Studio Solution File, Format Version 12.00
# Visual Studio Version 17
VisualStudioVersion = 17.8.34212.112
MinimumVisualStudioVersion = 10.0.40219.1
Project("{8BC9CEB8-8B4A-11D0-8D11-00A0C91BC942}") = "Lab11", "Lab11.vcxproj", "{B26A8742-4EB3-49C3-B298-F77D9BACA4EC}"
EndProject
Global
	GlobalSection(SolutionConfigurationPlatforms) = preSolution
		Debug|x64 = Debug|x64
		Debug|x86 = Debug|x86
		Release|x64 = Release|x64
		Release|x86 = Release|x86
	EndGlobalSection
	GlobalSection(ProjectConfigurationPlatforms) = postSolution
		{B26A8742-4EB3-49C3-B298-F77D9BACA4EC}.Debug|x64.ActiveCfg = Debug|x64
		{B26A8742-4EB3-49C3-B298-F77D9BACA4EC}.Debug|x64.Build.0 = Debug|x64
		{B26A8742-4EB3-49C3-B298-F77D9BACA4EC}.Debug|x86.ActiveCfg = Debug|Win32
		{B26A8742-4EB3-49C3-B298-F77D9BACA4EC}.Debug|x86.Build.0 = Debug|Win32
		{B26A8742-4EB3-49C3-B298-F77D9BACA4EC}.Release|x64.ActiveCfg = Release|x64
		{B26A8742-4EB3-49C3-B298-F77D9BACA4EC}.Release|x64.Build.0 = Release|x64
		{B26A8742-4EB3-49C3-B298-F77D9BACA4EC}.Release|x86.ActiveCfg = Release|Win32
		{B26A8742-4EB3-49C3-B298-F77D9BACA4EC}.Release|x86.Build.0 = Release|Win32
	EndGlobalSection
	GlobalSection(SolutionProperties) = preSolution
		HideSolutionNode = FALSE
	EndGlobalSection
	GlobalSection(ExtensibilityGlobals) = postSolution
		SolutionGuid = {213720A1-6D03-42E8-85FA-735731CBF2F8}
	EndGlobalSection
EndGlobal
