
Microsoft Visual Studio Solution File, Format Version 12.00
# Visual Studio Version 17
VisualStudioVersion = 17.3.32929.385
MinimumVisualStudioVersion = 10.0.40219.1
Project("{9A19103F-16F7-4668-BE54-9A1E7A4F7556}") = "ExamenPractic", "ExamenPractic.csproj", "{642B0D66-02A3-43E8-B770-6364D7D97877}"
EndProject
Global
	GlobalSection(SolutionConfigurationPlatforms) = preSolution
		Debug|Any CPU = Debug|Any CPU
		Release|Any CPU = Release|Any CPU
	EndGlobalSection
	GlobalSection(ProjectConfigurationPlatforms) = postSolution
		{642B0D66-02A3-43E8-B770-6364D7D97877}.Debug|Any CPU.ActiveCfg = Debug|Any CPU
		{642B0D66-02A3-43E8-B770-6364D7D97877}.Debug|Any CPU.Build.0 = Debug|Any CPU
		{642B0D66-02A3-43E8-B770-6364D7D97877}.Release|Any CPU.ActiveCfg = Release|Any CPU
		{642B0D66-02A3-43E8-B770-6364D7D97877}.Release|Any CPU.Build.0 = Release|Any CPU
	EndGlobalSection
	GlobalSection(SolutionProperties) = preSolution
		HideSolutionNode = FALSE
	EndGlobalSection
	GlobalSection(ExtensibilityGlobals) = postSolution
		SolutionGuid = {DA42ACF6-F17C-4731-B33F-E64FFC291155}
	EndGlobalSection
EndGlobal
