
Microsoft Visual Studio Solution File, Format Version 12.00
Project("{FAE04EC0-301F-11D3-BF4B-00C04F79EFBC}") = "Lab_facultativ", "Lab_facultativ.csproj", "{AC3D5CBE-3D89-4BA0-87E2-981781032807}"
EndProject
Global
	GlobalSection(SolutionConfigurationPlatforms) = preSolution
		Debug|Any CPU = Debug|Any CPU
		Release|Any CPU = Release|Any CPU
	EndGlobalSection
	GlobalSection(ProjectConfigurationPlatforms) = postSolution
		{AC3D5CBE-3D89-4BA0-87E2-981781032807}.Debug|Any CPU.ActiveCfg = Debug|Any CPU
		{AC3D5CBE-3D89-4BA0-87E2-981781032807}.Debug|Any CPU.Build.0 = Debug|Any CPU
		{AC3D5CBE-3D89-4BA0-87E2-981781032807}.Release|Any CPU.ActiveCfg = Release|Any CPU
		{AC3D5CBE-3D89-4BA0-87E2-981781032807}.Release|Any CPU.Build.0 = Release|Any CPU
	EndGlobalSection
EndGlobal
